# @generated - this file is auto-generated by `mise lock` https://mise.jdx.dev/dev-tools/mise-lock.html

[[tools.actionlint]]
version = "1.7.12"
backend = "aqua:rhysd/actionlint"

[tools.actionlint."platforms.linux-arm64"]
checksum = "sha256:325e971b6ba9bfa504672e29be93c24981eeb1c07576d730e9f7c8805afff0c6"
url = "https://github.com/rhysd/actionlint/releases/download/v1.7.12/actionlint_1.7.12_linux_arm64.tar.gz"
url_api = "https://api.github.com/repos/rhysd/actionlint/releases/assets/384924897"
provenance = "github-attestations"

[tools.actionlint."platforms.linux-arm64-musl"]
checksum = "sha256:325e971b6ba9bfa504672e29be93c24981eeb1c07576d730e9f7c8805afff0c6"
url = "https://github.com/rhysd/actionlint/releases/download/v1.7.12/actionlint_1.7.12_linux_arm64.tar.gz"
url_api = "https://api.github.com/repos/rhysd/actionlint/releases/assets/384924897"
provenance = "github-attestations"

[tools.actionlint."platforms.linux-x64"]
checksum = "sha256:8aca8db96f1b94770f1b0d72b6dddcb1ebb8123cb3712530b08cc387b349a3d8"
url = "https://github.com/rhysd/actionlint/releases/download/v1.7.12/actionlint_1.7.12_linux_amd64.tar.gz"
url_api = "https://api.github.com/repos/rhysd/actionlint/releases/assets/384924896"
provenance = "github-attestations"

[tools.actionlint."platforms.linux-x64-musl"]
checksum = "sha256:8aca8db96f1b94770f1b0d72b6dddcb1ebb8123cb3712530b08cc387b349a3d8"
url = "https://github.com/rhysd/actionlint/releases/download/v1.7.12/actionlint_1.7.12_linux_amd64.tar.gz"
url_api = "https://api.github.com/repos/rhysd/actionlint/releases/assets/384924896"
provenance = "github-attestations"

[tools.actionlint."platforms.macos-arm64"]
checksum = "sha256:aba9ced2dee8d27fecca3dc7feb1a7f9a52caefa1eb46f3271ea66b6e0e6953f"
url = "https://github.com/rhysd/actionlint/releases/download/v1.7.12/actionlint_1.7.12_darwin_arm64.tar.gz"
url_api = "https://api.github.com/repos/rhysd/actionlint/releases/assets/384924893"
provenance = "github-attestations"

[tools.actionlint."platforms.macos-x64"]
checksum = "sha256:5b44c3bc2255115c9b69e30efc0fecdf498fdb63c5d58e17084fd5f16324c644"
url = "https://github.com/rhysd/actionlint/releases/download/v1.7.12/actionlint_1.7.12_darwin_amd64.tar.gz"
url_api = "https://api.github.com/repos/rhysd/actionlint/releases/assets/384924880"
provenance = "github-attestations"

[tools.actionlint."platforms.windows-x64"]
checksum = "sha256:6e7241b51e6817ea6a047693d8e6fed13b31819c9a0dd6c5a726e1592d22f6e9"
url = "https://github.com/rhysd/actionlint/releases/download/v1.7.12/actionlint_1.7.12_windows_amd64.zip"
url_api = "https://api.github.com/repos/rhysd/actionlint/releases/assets/384924919"
provenance = "github-attestations"

[[tools."aqua:Mic92/nixfmt-rs"]]
version = "0.5.1"
backend = "aqua:Mic92/nixfmt-rs"

[tools."aqua:Mic92/nixfmt-rs"."platforms.linux-arm64"]
checksum = "sha256:e82c0951a6afa5b0f7ec48f10e4b9dd24a775f41e6328d00e6adef9517688309"
url = "https://github.com/Mic92/nixfmt-rs/releases/download/0.5.1/nixfmt-aarch64-linux"
url_api = "https://api.github.com/repos/Mic92/nixfmt-rs/releases/assets/432909973"
provenance = "github-attestations"

[tools."aqua:Mic92/nixfmt-rs"."platforms.linux-arm64-musl"]
checksum = "sha256:e82c0951a6afa5b0f7ec48f10e4b9dd24a775f41e6328d00e6adef9517688309"
url = "https://github.com/Mic92/nixfmt-rs/releases/download/0.5.1/nixfmt-aarch64-linux"
url_api = "https://api.github.com/repos/Mic92/nixfmt-rs/releases/assets/432909973"
provenance = "github-attestations"

[tools."aqua:Mic92/nixfmt-rs"."platforms.linux-x64"]
checksum = "sha256:392b402839fd5db1f665986b29ed5873a1e86da7a9c79b364d97ae69fac708ca"
url = "https://github.com/Mic92/nixfmt-rs/releases/download/0.5.1/nixfmt-x86_64-linux"
url_api = "https://api.github.com/repos/Mic92/nixfmt-rs/releases/assets/432909972"
provenance = "github-attestations"

[tools."aqua:Mic92/nixfmt-rs"."platforms.linux-x64-musl"]
checksum = "sha256:392b402839fd5db1f665986b29ed5873a1e86da7a9c79b364d97ae69fac708ca"
url = "https://github.com/Mic92/nixfmt-rs/releases/download/0.5.1/nixfmt-x86_64-linux"
url_api = "https://api.github.com/repos/Mic92/nixfmt-rs/releases/assets/432909972"
provenance = "github-attestations"

[tools."aqua:Mic92/nixfmt-rs"."platforms.macos-arm64"]
checksum = "sha256:8fc63a5a32dba567c6cb75d0da8f92ce1b076c75b9c1fa0ecee78df93dfdbdf5"
url = "https://github.com/Mic92/nixfmt-rs/releases/download/0.5.1/nixfmt-aarch64-darwin"
url_api = "https://api.github.com/repos/Mic92/nixfmt-rs/releases/assets/432909970"
provenance = "github-attestations"

[[tools."github:max-sixty/worktrunk"]]
version = "0.67.0"
backend = "github:max-sixty/worktrunk"

[tools."github:max-sixty/worktrunk"."platforms.linux-arm64"]
checksum = "sha256:5bf0590928a3db4751d1508007ba9f164cd49e75930565f5868136e351368adc"
url = "https://github.com/max-sixty/worktrunk/releases/download/v0.67.0/worktrunk-aarch64-unknown-linux-musl.tar.xz"
url_api = "https://api.github.com/repos/max-sixty/worktrunk/releases/assets/472508352"

[tools."github:max-sixty/worktrunk"."platforms.linux-arm64-musl"]
checksum = "sha256:5bf0590928a3db4751d1508007ba9f164cd49e75930565f5868136e351368adc"
url = "https://github.com/max-sixty/worktrunk/releases/download/v0.67.0/worktrunk-aarch64-unknown-linux-musl.tar.xz"
url_api = "https://api.github.com/repos/max-sixty/worktrunk/releases/assets/472508352"

[tools."github:max-sixty/worktrunk"."platforms.linux-x64"]
checksum = "sha256:f580b7d12ca9bd750c17e5af05f509f9dfa3523661b982572684c6f541cf661f"
url = "https://github.com/max-sixty/worktrunk/releases/download/v0.67.0/worktrunk-x86_64-unknown-linux-musl.tar.xz"
url_api = "https://api.github.com/repos/max-sixty/worktrunk/releases/assets/472508364"

[tools."github:max-sixty/worktrunk"."platforms.linux-x64-musl"]
checksum = "sha256:f580b7d12ca9bd750c17e5af05f509f9dfa3523661b982572684c6f541cf661f"
url = "https://github.com/max-sixty/worktrunk/releases/download/v0.67.0/worktrunk-x86_64-unknown-linux-musl.tar.xz"
url_api = "https://api.github.com/repos/max-sixty/worktrunk/releases/assets/472508364"

[tools."github:max-sixty/worktrunk"."platforms.macos-arm64"]
checksum = "sha256:f94431e961c77d988a07e740f80e1b34e4cd8b70853af13fe30562b68bc5f97f"
url = "https://github.com/max-sixty/worktrunk/releases/download/v0.67.0/worktrunk-aarch64-apple-darwin.tar.xz"
url_api = "https://api.github.com/repos/max-sixty/worktrunk/releases/assets/472508345"

[tools."github:max-sixty/worktrunk"."platforms.macos-x64"]
checksum = "sha256:f1400f14169052a87c622c1258ee00b8085279c88cba0f6f5bfa895fb71d3662"
url = "https://github.com/max-sixty/worktrunk/releases/download/v0.67.0/worktrunk-x86_64-apple-darwin.tar.xz"
url_api = "https://api.github.com/repos/max-sixty/worktrunk/releases/assets/472508358"

[tools."github:max-sixty/worktrunk"."platforms.windows-x64"]
checksum = "sha256:4a3af596f0c2c6c7e3142efd979ed7921441f163ae17c2f8f41e0d96051652f4"
url = "https://github.com/max-sixty/worktrunk/releases/download/v0.67.0/worktrunk-x86_64-pc-windows-msvc.zip"
url_api = "https://api.github.com/repos/max-sixty/worktrunk/releases/assets/472508360"

[[tools."github:rust-lang/mdbook"]]
version = "0.5.2"
backend = "github:rust-lang/mdbook"

[tools."github:rust-lang/mdbook"."platforms.linux-arm64"]
checksum = "sha256:fb229bfdc68dd6c93692e64c502a67a8d3d2fc35c37c61fc72768843e6476add"
url = "https://github.com/rust-lang/mdBook/releases/download/v0.5.2/mdbook-v0.5.2-aarch64-unknown-linux-musl.tar.gz"
url_api = "https://api.github.com/repos/rust-lang/mdBook/releases/assets/327544966"

[tools."github:rust-lang/mdbook"."platforms.linux-arm64-musl"]
checksum = "sha256:fb229bfdc68dd6c93692e64c502a67a8d3d2fc35c37c61fc72768843e6476add"
url = "https://github.com/rust-lang/mdBook/releases/download/v0.5.2/mdbook-v0.5.2-aarch64-unknown-linux-musl.tar.gz"
url_api = "https://api.github.com/repos/rust-lang/mdBook/releases/assets/327544966"

[tools."github:rust-lang/mdbook"."platforms.linux-x64"]
checksum = "sha256:084e4342ba564db270108763e404a7d1f309d932651a22484e93c0dc1a071f6d"
url = "https://github.com/rust-lang/mdBook/releases/download/v0.5.2/mdbook-v0.5.2-x86_64-unknown-linux-gnu.tar.gz"
url_api = "https://api.github.com/repos/rust-lang/mdBook/releases/assets/327544800"

[tools."github:rust-lang/mdbook"."platforms.linux-x64-musl"]
checksum = "sha256:8e9d802bbecea34380aabfc65bec4fdba23c07453ef2c7e06fa34c282082e2c4"
url = "https://github.com/rust-lang/mdBook/releases/download/v0.5.2/mdbook-v0.5.2-x86_64-unknown-linux-musl.tar.gz"
url_api = "https://api.github.com/repos/rust-lang/mdBook/releases/assets/327545066"

[tools."github:rust-lang/mdbook"."platforms.macos-arm64"]
checksum = "sha256:da2f55653e96e3f6e1c53e2e13e91cc0cfbce8ab971c2e0de792c0f1f8d24222"
url = "https://github.com/rust-lang/mdBook/releases/download/v0.5.2/mdbook-v0.5.2-aarch64-apple-darwin.tar.gz"
url_api = "https://api.github.com/repos/rust-lang/mdBook/releases/assets/327545125"

[tools."github:rust-lang/mdbook"."platforms.macos-x64"]
checksum = "sha256:17cc64478ec279a73881420e850bd8f9d460552e56b50159ff465bc97eb90d6c"
url = "https://github.com/rust-lang/mdBook/releases/download/v0.5.2/mdbook-v0.5.2-x86_64-apple-darwin.tar.gz"
url_api = "https://api.github.com/repos/rust-lang/mdBook/releases/assets/327545156"

[tools."github:rust-lang/mdbook"."platforms.windows-x64"]
checksum = "sha256:e78fa1159bfc381d03f9c6659c48c883706497dc63c9153007a8a4c8df8da166"
url = "https://github.com/rust-lang/mdBook/releases/download/v0.5.2/mdbook-v0.5.2-x86_64-pc-windows-msvc.zip"
url_api = "https://api.github.com/repos/rust-lang/mdBook/releases/assets/327545231"

[[tools.hk]]
version = "1.49.0"
backend = "aqua:jdx/hk"

[tools.hk."platforms.linux-arm64"]
checksum = "sha256:9d1b59d01d88a663b532230f718fb03fc244c41495a9eecc044ca0b47819a9d8"
url = "https://github.com/jdx/hk/releases/download/v1.49.0/hk-aarch64-unknown-linux-gnu.tar.gz"
url_api = "https://api.github.com/repos/jdx/hk/releases/assets/463689401"

[tools.hk."platforms.linux-arm64-musl"]
checksum = "sha256:5025161048a5ee10518769461e3eb2c3061eec0a9412b30e77c6e51fa7403306"
url = "https://github.com/jdx/hk/releases/download/v1.49.0/hk-aarch64-unknown-linux-musl.tar.gz"
url_api = "https://api.github.com/repos/jdx/hk/releases/assets/463689398"

[tools.hk."platforms.linux-x64"]
checksum = "sha256:409c24b22c7f0c2f32be9330defbef54adf71aa53ec13853e20ac0ea952061d6"
url = "https://github.com/jdx/hk/releases/download/v1.49.0/hk-x86_64-unknown-linux-gnu.tar.gz"
url_api = "https://api.github.com/repos/jdx/hk/releases/assets/463689407"

[tools.hk."platforms.linux-x64-musl"]
checksum = "sha256:f26945b2e9e1f609ded9c64cd785ab7b2e32e3f61b111d7e30ab1e03cbc0a92f"
url = "https://github.com/jdx/hk/releases/download/v1.49.0/hk-x86_64-unknown-linux-musl.tar.gz"
url_api = "https://api.github.com/repos/jdx/hk/releases/assets/463689410"

[tools.hk."platforms.macos-arm64"]
checksum = "sha256:2a5b302b97107c036bc7362cd6d8d0501dbb1b735db07c70bc1231a6fe90df44"
url = "https://github.com/jdx/hk/releases/download/v1.49.0/hk-aarch64-apple-darwin.tar.gz"
url_api = "https://api.github.com/repos/jdx/hk/releases/assets/463689399"

[tools.hk."platforms.windows-x64"]
checksum = "sha256:6048c968aa200d6629050aeff0580e6dfe3235126b7f0beaa182076e9b59aef8"
url = "https://github.com/jdx/hk/releases/download/v1.49.0/hk-x86_64-pc-windows-msvc.zip"
url_api = "https://api.github.com/repos/jdx/hk/releases/assets/463689400"

[[tools.jq]]
version = "1.8.1"
backend = "aqua:jqlang/jq"

[tools.jq."platforms.linux-arm64"]
checksum = "sha256:6bc62f25981328edd3cfcfe6fe51b073f2d7e7710d7ef7fcdac28d4e384fc3d4"
url = "https://github.com/jqlang/jq/releases/download/jq-1.8.1/jq-linux-arm64"
url_api = "https://api.github.com/repos/jqlang/jq/releases/assets/268981481"
provenance = "github-attestations"

[tools.jq."platforms.linux-arm64-musl"]
checksum = "sha256:6bc62f25981328edd3cfcfe6fe51b073f2d7e7710d7ef7fcdac28d4e384fc3d4"
url = "https://github.com/jqlang/jq/releases/download/jq-1.8.1/jq-linux-arm64"
url_api = "https://api.github.com/repos/jqlang/jq/releases/assets/268981481"
provenance = "github-attestations"

[tools.jq."platforms.linux-x64"]
checksum = "sha256:020468de7539ce70ef1bceaf7cde2e8c4f2ca6c3afb84642aabc5c97d9fc2a0d"
url = "https://github.com/jqlang/jq/releases/download/jq-1.8.1/jq-linux-amd64"
url_api = "https://api.github.com/repos/jqlang/jq/releases/assets/268981484"
provenance = "github-attestations"

[tools.jq."platforms.linux-x64-musl"]
checksum = "sha256:020468de7539ce70ef1bceaf7cde2e8c4f2ca6c3afb84642aabc5c97d9fc2a0d"
url = "https://github.com/jqlang/jq/releases/download/jq-1.8.1/jq-linux-amd64"
url_api = "https://api.github.com/repos/jqlang/jq/releases/assets/268981484"
provenance = "github-attestations"

[tools.jq."platforms.macos-arm64"]
checksum = "sha256:a9fe3ea2f86dfc72f6728417521ec9067b343277152b114f4e98d8cb0e263603"
url = "https://github.com/jqlang/jq/releases/download/jq-1.8.1/jq-macos-arm64"
url_api = "https://api.github.com/repos/jqlang/jq/releases/assets/268981506"
provenance = "github-attestations"

[tools.jq."platforms.macos-x64"]
checksum = "sha256:e80dbe0d2a2597e3c11c404f03337b981d74b4a8504b70586c354b7697a7c27f"
url = "https://github.com/jqlang/jq/releases/download/jq-1.8.1/jq-macos-amd64"
url_api = "https://api.github.com/repos/jqlang/jq/releases/assets/268981505"
provenance = "github-attestations"

[tools.jq."platforms.windows-x64"]
checksum = "sha256:23cb60a1354eed6bcc8d9b9735e8c7b388cd1fdcb75726b93bc299ef22dd9334"
url = "https://github.com/jqlang/jq/releases/download/jq-1.8.1/jq-windows-amd64.exe"
url_api = "https://api.github.com/repos/jqlang/jq/releases/assets/268981509"
provenance = "github-attestations"

[[tools.pkl]]
version = "0.31.1"
backend = "aqua:apple/pkl"

[tools.pkl."platforms.linux-arm64"]
checksum = "sha256:7ef10e743daa921fb94ae7bdb9ec6986f362bf250c55814b9ea2aeb13f2d083e"
url = "https://github.com/apple/pkl/releases/download/0.31.1/pkl-linux-aarch64"
url_api = "https://api.github.com/repos/apple/pkl/releases/assets/382243722"

[tools.pkl."platforms.linux-arm64-musl"]
checksum = "sha256:7ef10e743daa921fb94ae7bdb9ec6986f362bf250c55814b9ea2aeb13f2d083e"
url = "https://github.com/apple/pkl/releases/download/0.31.1/pkl-linux-aarch64"
url_api = "https://api.github.com/repos/apple/pkl/releases/assets/382243722"

[tools.pkl."platforms.linux-x64"]
checksum = "sha256:618f13955d755cafbfe8c9cba1d27635848cd49dbc6abffd398d2751db1231bf"
url = "https://github.com/apple/pkl/releases/download/0.31.1/pkl-linux-amd64"
url_api = "https://api.github.com/repos/apple/pkl/releases/assets/382243718"

[tools.pkl."platforms.linux-x64-musl"]
checksum = "sha256:618f13955d755cafbfe8c9cba1d27635848cd49dbc6abffd398d2751db1231bf"
url = "https://github.com/apple/pkl/releases/download/0.31.1/pkl-linux-amd64"
url_api = "https://api.github.com/repos/apple/pkl/releases/assets/382243718"

[tools.pkl."platforms.macos-arm64"]
checksum = "sha256:1b6a5438d9624cd2798a7530721bbbfa27ef72efe5c878a1b6c546c6e7ca0e8f"
url = "https://github.com/apple/pkl/releases/download/0.31.1/pkl-macos-aarch64"
url_api = "https://api.github.com/repos/apple/pkl/releases/assets/382243720"

[tools.pkl."platforms.macos-x64"]
checksum = "sha256:22123ed4ae4c03afa8c54c69f77f0bec39b0fa0f67b09d6d148e0a376a2a471d"
url = "https://github.com/apple/pkl/releases/download/0.31.1/pkl-macos-amd64"
url_api = "https://api.github.com/repos/apple/pkl/releases/assets/382243726"

[tools.pkl."platforms.windows-x64"]
checksum = "sha256:a8834481667325b44c539dbb758d7365a16389070f343c04b639bbe525ede013"
url = "https://github.com/apple/pkl/releases/download/0.31.1/pkl-windows-amd64.exe"
url_api = "https://api.github.com/repos/apple/pkl/releases/assets/382243744"

[[tools.python]]
version = "3.13.14"
backend = "core:python"

[tools.python."platforms.linux-arm64"]
checksum = "sha256:e931d7a393f54902503f8745ceb35420e7dd50a067e78e5f45c71404f7a15b30"
url = "https://github.com/astral-sh/python-build-standalone/releases/download/20260623/cpython-3.13.14+20260623-aarch64-unknown-linux-gnu-install_only_stripped.tar.gz"
provenance = "github-attestations"

[tools.python."platforms.linux-arm64-musl"]
checksum = "sha256:530453a8d47dcf234dbdebb8fdc8fb7277e1edc0f1b6e326e7a80e064318f019"
url = "https://github.com/astral-sh/python-build-standalone/releases/download/20260623/cpython-3.13.14+20260623-aarch64-unknown-linux-musl-install_only_stripped.tar.gz"
provenance = "github-attestations"

[tools.python."platforms.linux-x64"]
checksum = "sha256:459ed79967acc207bef2ff5124dac35d74d5108528e37b15395d14e2922f2c92"
url = "https://github.com/astral-sh/python-build-standalone/releases/download/20260623/cpython-3.13.14+20260623-x86_64-unknown-linux-gnu-install_only_stripped.tar.gz"
provenance = "github-attestations"

[tools.python."platforms.linux-x64-musl"]
checksum = "sha256:88a95f01ab0cb402822f803facea2f938d9b4cfe08da3d866629ac21c62c1f83"
url = "https://github.com/astral-sh/python-build-standalone/releases/download/20260623/cpython-3.13.14+20260623-x86_64-unknown-linux-musl-install_only_stripped.tar.gz"
provenance = "github-attestations"

[tools.python."platforms.macos-arm64"]
checksum = "sha256:795a5aeeb050f00aa8a2214d779bad9f1b9113edb6923317a80c042a11a087d7"
url = "https://github.com/astral-sh/python-build-standalone/releases/download/20260623/cpython-3.13.14+20260623-aarch64-apple-darwin-install_only_stripped.tar.gz"
provenance = "github-attestations"

[tools.python."platforms.macos-x64"]
checksum = "sha256:fdbe7198fb32f24ab99c67cb68cb265615e0bb6cb6586ffccb629ef9ca868420"
url = "https://github.com/astral-sh/python-build-standalone/releases/download/20260623/cpython-3.13.14+20260623-x86_64-apple-darwin-install_only_stripped.tar.gz"
provenance = "github-attestations"

[tools.python."platforms.windows-x64"]
checksum = "sha256:7c3159205dda0289a47e6dd1226c4e5800b1f99a03146cdc25a41fed8ef74f5a"
url = "https://github.com/astral-sh/python-build-standalone/releases/download/20260623/cpython-3.13.14+20260623-x86_64-pc-windows-msvc-install_only_stripped.tar.gz"
provenance = "github-attestations"

[[tools.shellcheck]]
version = "0.11.0"
backend = "aqua:koalaman/shellcheck"

[tools.shellcheck."platforms.linux-arm64"]
checksum = "sha256:12b331c1d2db6b9eb13cfca64306b1b157a86eb69db83023e261eaa7e7c14588"
url = "https://github.com/koalaman/shellcheck/releases/download/v0.11.0/shellcheck-v0.11.0.linux.aarch64.tar.xz"
url_api = "https://api.github.com/repos/koalaman/shellcheck/releases/assets/279056934"

[tools.shellcheck."platforms.linux-arm64-musl"]
checksum = "sha256:12b331c1d2db6b9eb13cfca64306b1b157a86eb69db83023e261eaa7e7c14588"
url = "https://github.com/koalaman/shellcheck/releases/download/v0.11.0/shellcheck-v0.11.0.linux.aarch64.tar.xz"
url_api = "https://api.github.com/repos/koalaman/shellcheck/releases/assets/279056934"

[tools.shellcheck."platforms.linux-x64"]
checksum = "sha256:8c3be12b05d5c177a04c29e3c78ce89ac86f1595681cab149b65b97c4e227198"
url = "https://github.com/koalaman/shellcheck/releases/download/v0.11.0/shellcheck-v0.11.0.linux.x86_64.tar.xz"
url_api = "https://api.github.com/repos/koalaman/shellcheck/releases/assets/279056942"

[tools.shellcheck."platforms.linux-x64-musl"]
checksum = "sha256:8c3be12b05d5c177a04c29e3c78ce89ac86f1595681cab149b65b97c4e227198"
url = "https://github.com/koalaman/shellcheck/releases/download/v0.11.0/shellcheck-v0.11.0.linux.x86_64.tar.xz"
url_api = "https://api.github.com/repos/koalaman/shellcheck/releases/assets/279056942"

[tools.shellcheck."platforms.macos-arm64"]
checksum = "sha256:56affdd8de5527894dca6dc3d7e0a99a873b0f004d7aabc30ae407d3f48b0a79"
url = "https://github.com/koalaman/shellcheck/releases/download/v0.11.0/shellcheck-v0.11.0.darwin.aarch64.tar.xz"
url_api = "https://api.github.com/repos/koalaman/shellcheck/releases/assets/279056932"

[tools.shellcheck."platforms.macos-x64"]
checksum = "sha256:3c89db4edcab7cf1c27bff178882e0f6f27f7afdf54e859fa041fca10febe4c6"
url = "https://github.com/koalaman/shellcheck/releases/download/v0.11.0/shellcheck-v0.11.0.darwin.x86_64.tar.xz"
url_api = "https://api.github.com/repos/koalaman/shellcheck/releases/assets/279056930"

[tools.shellcheck."platforms.windows-x64"]
checksum = "sha256:8a4e35ab0b331c85d73567b12f2a444df187f483e5079ceffa6bda1faa2e740e"
url = "https://github.com/koalaman/shellcheck/releases/download/v0.11.0/shellcheck-v0.11.0.zip"
url_api = "https://api.github.com/repos/koalaman/shellcheck/releases/assets/279056944"

[[tools.shfmt]]
version = "3.13.1"
backend = "aqua:mvdan/sh"

[tools.shfmt."platforms.linux-arm64"]
checksum = "sha256:32d92acaa5cd8abb29fc49dac123dc412442d5713967819d8af2c29f1b3857c7"
url = "https://github.com/mvdan/sh/releases/download/v3.13.1/shfmt_v3.13.1_linux_arm64"
url_api = "https://api.github.com/repos/mvdan/sh/releases/assets/390322859"

[tools.shfmt."platforms.linux-arm64-musl"]
checksum = "sha256:32d92acaa5cd8abb29fc49dac123dc412442d5713967819d8af2c29f1b3857c7"
url = "https://github.com/mvdan/sh/releases/download/v3.13.1/shfmt_v3.13.1_linux_arm64"
url_api = "https://api.github.com/repos/mvdan/sh/releases/assets/390322859"

[tools.shfmt."platforms.linux-x64"]
checksum = "sha256:fb096c5d1ac6beabbdbaa2874d025badb03ee07929f0c9ff67563ce8c75398b1"
url = "https://github.com/mvdan/sh/releases/download/v3.13.1/shfmt_v3.13.1_linux_amd64"
url_api = "https://api.github.com/repos/mvdan/sh/releases/assets/390322866"

[tools.shfmt."platforms.linux-x64-musl"]
checksum = "sha256:fb096c5d1ac6beabbdbaa2874d025badb03ee07929f0c9ff67563ce8c75398b1"
url = "https://github.com/mvdan/sh/releases/download/v3.13.1/shfmt_v3.13.1_linux_amd64"
url_api = "https://api.github.com/repos/mvdan/sh/releases/assets/390322866"

[tools.shfmt."platforms.macos-arm64"]
checksum = "sha256:9680526be4a66ea1ffe988ed08af58e1400fe1e4f4aef5bd88b20bb9b3da33f8"
url = "https://github.com/mvdan/sh/releases/download/v3.13.1/shfmt_v3.13.1_darwin_arm64"
url_api = "https://api.github.com/repos/mvdan/sh/releases/assets/390322881"

[tools.shfmt."platforms.macos-x64"]
checksum = "sha256:6feedafc72915794163114f512348e2437d080d0047ef8b8fa2ec63b575f12af"
url = "https://github.com/mvdan/sh/releases/download/v3.13.1/shfmt_v3.13.1_darwin_amd64"
url_api = "https://api.github.com/repos/mvdan/sh/releases/assets/390322886"

[tools.shfmt."platforms.windows-x64"]
checksum = "sha256:60cd368533d0ad73fa86d93d5bbf95ef40587245ce684ed138c1b31557b5fe97"
url = "https://github.com/mvdan/sh/releases/download/v3.13.1/shfmt_v3.13.1_windows_amd64.exe"
url_api = "https://api.github.com/repos/mvdan/sh/releases/assets/390322844"

[[tools.tombi]]
version = "0.9.16"
backend = "aqua:tombi-toml/tombi"

[tools.tombi."platforms.linux-arm64"]
checksum = "sha256:0549ee34fbbaf462ae8b17c41fc30dbfdada8e2adadc058b1f92d6d0070ca70e"
url = "https://github.com/tombi-toml/tombi/releases/download/v0.9.16/tombi-cli-0.9.16-aarch64-unknown-linux-musl.gz"
url_api = "https://api.github.com/repos/tombi-toml/tombi/releases/assets/391322181"

[tools.tombi."platforms.linux-arm64-musl"]
checksum = "sha256:0549ee34fbbaf462ae8b17c41fc30dbfdada8e2adadc058b1f92d6d0070ca70e"
url = "https://github.com/tombi-toml/tombi/releases/download/v0.9.16/tombi-cli-0.9.16-aarch64-unknown-linux-musl.gz"
url_api = "https://api.github.com/repos/tombi-toml/tombi/releases/assets/391322181"

[tools.tombi."platforms.linux-x64"]
checksum = "sha256:93f0b5febc18f60c172a7d4008325183f6b90d3c2a2454e27bbc7aaa662c25de"
url = "https://github.com/tombi-toml/tombi/releases/download/v0.9.16/tombi-cli-0.9.16-x86_64-unknown-linux-musl.gz"
url_api = "https://api.github.com/repos/tombi-toml/tombi/releases/assets/391322169"

[tools.tombi."platforms.linux-x64-musl"]
checksum = "sha256:93f0b5febc18f60c172a7d4008325183f6b90d3c2a2454e27bbc7aaa662c25de"
url = "https://github.com/tombi-toml/tombi/releases/download/v0.9.16/tombi-cli-0.9.16-x86_64-unknown-linux-musl.gz"
url_api = "https://api.github.com/repos/tombi-toml/tombi/releases/assets/391322169"

[tools.tombi."platforms.macos-arm64"]
checksum = "sha256:4a33dff421e644c03708b26cf73b235f7f146ef6af9ba631b66aa97cb10244ae"
url = "https://github.com/tombi-toml/tombi/releases/download/v0.9.16/tombi-cli-0.9.16-aarch64-apple-darwin.gz"
url_api = "https://api.github.com/repos/tombi-toml/tombi/releases/assets/391322176"

[tools.tombi."platforms.macos-x64"]
checksum = "sha256:847a696cf655e642d7402560badde15c6fbb2b34a7e21fa33ba2614d74816a4e"
url = "https://github.com/tombi-toml/tombi/releases/download/v0.9.16/tombi-cli-0.9.16-x86_64-apple-darwin.gz"
url_api = "https://api.github.com/repos/tombi-toml/tombi/releases/assets/391322177"

[tools.tombi."platforms.windows-x64"]
checksum = "sha256:a08e144e55fa8b998e46bf2923c9d8fae1f454771c6411fd213febd9e182ae48"
url = "https://github.com/tombi-toml/tombi/releases/download/v0.9.16/tombi-cli-0.9.16-x86_64-pc-windows-msvc.zip"
url_api = "https://api.github.com/repos/tombi-toml/tombi/releases/assets/391322183"
